
Microsoft Visual Studio Solution File, Format Version 12.00
# Visual Studio 15
VisualStudioVersion = 15.0.28307.329
MinimumVisualStudioVersion = 10.0.40219.1
Project("{9A19103F-16F7-4668-BE54-9A1E7A4F7556}") = "PersonelFollow.WebUI", "PersonelFollow.WebUI\PersonelFollow.WebUI.csproj", "{0A45FCE9-0ACF-4081-984C-EA02EB29202C}"
EndProject
Project("{9A19103F-16F7-4668-BE54-9A1E7A4F7556}") = "PersonelFollow.Entities", "PersonelFollow.Entities\PersonelFollow.Entities.csproj", "{35F9BD86-1498-45BC-AEF2-8E0F8280B763}"
EndProject
Project("{9A19103F-16F7-4668-BE54-9A1E7A4F7556}") = "PersonelFollow.Core", "PersonelFollow.Core\PersonelFollow.Core.csproj", "{C9985E00-6D3F-4A55-9400-142BE6B77387}"
EndProject
Project("{2150E333-8FDC-42A3-9474-1A3956D46DE8}") = "Solution Items", "Solution Items", "{357D7DC5-2031-4BA9-B6A3-D435F9D31F28}"
	ProjectSection(SolutionItems) = preProject
		ReadMe.txt = ReadMe.txt
	EndProjectSection
EndProject
Global
	GlobalSection(SolutionConfigurationPlatforms) = preSolution
		Debug|Any CPU = Debug|Any CPU
		Release|Any CPU = Release|Any CPU
	EndGlobalSection
	GlobalSection(ProjectConfigurationPlatforms) = postSolution
		{0A45FCE9-0ACF-4081-984C-EA02EB29202C}.Debug|Any CPU.ActiveCfg = Debug|Any CPU
		{0A45FCE9-0ACF-4081-984C-EA02EB29202C}.Debug|Any CPU.Build.0 = Debug|Any CPU
		{0A45FCE9-0ACF-4081-984C-EA02EB29202C}.Release|Any CPU.ActiveCfg = Release|Any CPU
		{0A45FCE9-0ACF-4081-984C-EA02EB29202C}.Release|Any CPU.Build.0 = Release|Any CPU
		{35F9BD86-1498-45BC-AEF2-8E0F8280B763}.Debug|Any CPU.ActiveCfg = Debug|Any CPU
		{35F9BD86-1498-45BC-AEF2-8E0F8280B763}.Debug|Any CPU.Build.0 = Debug|Any CPU
		{35F9BD86-1498-45BC-AEF2-8E0F8280B763}.Release|Any CPU.ActiveCfg = Release|Any CPU
		{35F9BD86-1498-45BC-AEF2-8E0F8280B763}.Release|Any CPU.Build.0 = Release|Any CPU
		{C9985E00-6D3F-4A55-9400-142BE6B77387}.Debug|Any CPU.ActiveCfg = Debug|Any CPU
		{C9985E00-6D3F-4A55-9400-142BE6B77387}.Debug|Any CPU.Build.0 = Debug|Any CPU
		{C9985E00-6D3F-4A55-9400-142BE6B77387}.Release|Any CPU.ActiveCfg = Release|Any CPU
		{C9985E00-6D3F-4A55-9400-142BE6B77387}.Release|Any CPU.Build.0 = Release|Any CPU
	EndGlobalSection
	GlobalSection(SolutionProperties) = preSolution
		HideSolutionNode = FALSE
	EndGlobalSection
	GlobalSection(ExtensibilityGlobals) = postSolution
		SolutionGuid = {0292566F-726D-4301-A434-10ACE25285B1}
	EndGlobalSection
EndGlobal
